// !$*UTF8*$!
{
	archiveVersion = 1;
	classes = {
	};
	objectVersion = 77;
	objects = {

/* Begin PBXBuildFile section */
		E29906202F7983E5009B13E8 /* Supabase in Frameworks */ = {isa = PBXBuildFile; productRef = E299061F2F7983E5009B13E8 /* Supabase */; };
		E29909592F7AACE2009B13E8 /* TransferSyncFinderSync.appex in Embed Foundation Extensions */ = {isa = PBXBuildFile; fileRef = E29909522F7AACE2009B13E8 /* TransferSyncFinderSync.appex */; settings = {ATTRIBUTES = (RemoveHeadersOnCopy, ); }; };
		E29909652F7AAE83009B13E8 /* SyncStatusStore.swift in Sources */ = {isa = PBXBuildFile; fileRef = E29909642F7AAE83009B13E8 /* SyncStatusStore.swift */; };
		E29909662F7AAE83009B13E8 /* SyncStatusStore.swift in Sources */ = {isa = PBXBuildFile; fileRef = E29909642F7AAE83009B13E8 /* SyncStatusStore.swift */; };
		E29909682F7AAEC2009B13E8 /* SyncConstants.swift in Sources */ = {isa = PBXBuildFile; fileRef = E29909672F7AAEC2009B13E8 /* SyncConstants.swift */; };
		E29909692F7AAEC2009B13E8 /* SyncConstants.swift in Sources */ = {isa = PBXBuildFile; fileRef = E29909672F7AAEC2009B13E8 /* SyncConstants.swift */; };
/* End PBXBuildFile section */

/* Begin PBXContainerItemProxy section */
		E29909572F7AACE2009B13E8 /* PBXContainerItemProxy */ = {
			isa = PBXContainerItemProxy;
			containerPortal = E29905FE2F7983E4009B13E8 /* Project object */;
			proxyType = 1;
			remoteGlobalIDString = E29909512F7AACE2009B13E8;
			remoteInfo = TransferSyncFinderSync;
		};
		E2990C662F7CC498009B13E8 /* PBXContainerItemProxy */ = {
			isa = PBXContainerItemProxy;
			containerPortal = E29905FE2F7983E4009B13E8 /* Project object */;
			proxyType = 1;
			remoteGlobalIDString = E29906052F7983E4009B13E8;
			remoteInfo = TransferSyncCompanion;
		};
/* End PBXContainerItemProxy section */

/* Begin PBXCopyFilesBuildPhase section */
		E299095E2F7AACE2009B13E8 /* Embed Foundation Extensions */ = {
			isa = PBXCopyFilesBuildPhase;
			buildActionMask = 2147483647;
			dstPath = "";
			dstSubfolderSpec = 13;
			files = (
				E29909592F7AACE2009B13E8 /* TransferSyncFinderSync.appex in Embed Foundation Extensions */,
			);
			name = "Embed Foundation Extensions";
			runOnlyForDeploymentPostprocessing = 0;
		};
/* End PBXCopyFilesBuildPhase section */

/* Begin PBXFileReference section */
		E29906062F7983E4009B13E8 /* TransferSyncCompanion.app */ = {isa = PBXFileReference; explicitFileType = wrapper.application; includeInIndex = 0; path = TransferSyncCompanion.app; sourceTree = BUILT_PRODUCTS_DIR; };
		E29909522F7AACE2009B13E8 /* TransferSyncFinderSync.appex */ = {isa = PBXFileReference; explicitFileType = "wrapper.app-extension"; includeInIndex = 0; path = TransferSyncFinderSync.appex; sourceTree = BUILT_PRODUCTS_DIR; };
		E29909642F7AAE83009B13E8 /* SyncStatusStore.swift */ = {isa = PBXFileReference; lastKnownFileType = sourcecode.swift; path = SyncStatusStore.swift; sourceTree = "<group>"; };
		E29909672F7AAEC2009B13E8 /* SyncConstants.swift */ = {isa = PBXFileReference; lastKnownFileType = sourcecode.swift; path = SyncConstants.swift; sourceTree = "<group>"; };
		E2990C622F7CC498009B13E8 /* TransferSyncCompanionTests.xctest */ = {isa = PBXFileReference; explicitFileType = wrapper.cfbundle; includeInIndex = 0; path = TransferSyncCompanionTests.xctest; sourceTree = BUILT_PRODUCTS_DIR; };
		FE00000000000000000000C1 /* Debug.xcconfig */ = {isa = PBXFileReference; lastKnownFileType = text.xcconfig; path = Debug.xcconfig; sourceTree = "<group>"; };
		FE00000000000000000000C2 /* Staging.xcconfig */ = {isa = PBXFileReference; lastKnownFileType = text.xcconfig; path = Staging.xcconfig; sourceTree = "<group>"; };
		FE00000000000000000000C3 /* Release.xcconfig */ = {isa = PBXFileReference; lastKnownFileType = text.xcconfig; path = Release.xcconfig; sourceTree = "<group>"; };
		FE00000000000000000000D1 /* Debug.example.xcconfig */ = {isa = PBXFileReference; lastKnownFileType = text.xcconfig; path = Debug.example.xcconfig; sourceTree = "<group>"; };
		FE00000000000000000000D2 /* Staging.example.xcconfig */ = {isa = PBXFileReference; lastKnownFileType = text.xcconfig; path = Staging.example.xcconfig; sourceTree = "<group>"; };
		FE00000000000000000000D3 /* Release.example.xcconfig */ = {isa = PBXFileReference; lastKnownFileType = text.xcconfig; path = Release.example.xcconfig; sourceTree = "<group>"; };
/* End PBXFileReference section */

/* Begin PBXFileSystemSynchronizedBuildFileExceptionSet section */
		E29906212F7983E5009B13E8 /* Exceptions for "TransferSyncCompanion" folder in "TransferSyncCompanion" target */ = {
			isa = PBXFileSystemSynchronizedBuildFileExceptionSet;
			membershipExceptions = (
				Info.plist,
			);
			target = E29906052F7983E4009B13E8 /* TransferSyncCompanion */;
		};
		E299095D2F7AACE2009B13E8 /* Exceptions for "TransferSyncFinderSync" folder in "TransferSyncFinderSync" target */ = {
			isa = PBXFileSystemSynchronizedBuildFileExceptionSet;
			membershipExceptions = (
				Info.plist,
			);
			target = E29909512F7AACE2009B13E8 /* TransferSyncFinderSync */;
		};
/* End PBXFileSystemSynchronizedBuildFileExceptionSet section */

/* Begin PBXFileSystemSynchronizedRootGroup section */
		E29906082F7983E4009B13E8 /* TransferSyncCompanion */ = {
			isa = PBXFileSystemSynchronizedRootGroup;
			exceptions = (
				E29906212F7983E5009B13E8 /* Exceptions for "TransferSyncCompanion" folder in "TransferSyncCompanion" target */,
			);
			path = TransferSyncCompanion;
			sourceTree = "<group>";
		};
		E29909532F7AACE2009B13E8 /* TransferSyncFinderSync */ = {
			isa = PBXFileSystemSynchronizedRootGroup;
			exceptions = (
				E299095D2F7AACE2009B13E8 /* Exceptions for "TransferSyncFinderSync" folder in "TransferSyncFinderSync" target */,
			);
			path = TransferSyncFinderSync;
			sourceTree = "<group>";
		};
		E2990C632F7CC498009B13E8 /* TransferSyncCompanionTests */ = {
			isa = PBXFileSystemSynchronizedRootGroup;
			path = TransferSyncCompanionTests;
			sourceTree = "<group>";
		};
/* End PBXFileSystemSynchronizedRootGroup section */

/* Begin PBXFrameworksBuildPhase section */
		E29906032F7983E4009B13E8 /* Frameworks */ = {
			isa = PBXFrameworksBuildPhase;
			buildActionMask = 2147483647;
			files = (
				E29906202F7983E5009B13E8 /* Supabase in Frameworks */,
			);
			runOnlyForDeploymentPostprocessing = 0;
		};
		E299094F2F7AACE2009B13E8 /* Frameworks */ = {
			isa = PBXFrameworksBuildPhase;
			buildActionMask = 2147483647;
			files = (
			);
			runOnlyForDeploymentPostprocessing = 0;
		};
		E2990C5F2F7CC498009B13E8 /* Frameworks */ = {
			isa = PBXFrameworksBuildPhase;
			buildActionMask = 2147483647;
			files = (
			);
			runOnlyForDeploymentPostprocessing = 0;
		};
/* End PBXFrameworksBuildPhase section */

/* Begin PBXGroup section */
		E29905FD2F7983E4009B13E8 = {
			isa = PBXGroup;
			children = (
				FE00000000000000000000C0 /* Configs */,
				E29909602F7AAD81009B13E8 /* Shared */,
				E29906082F7983E4009B13E8 /* TransferSyncCompanion */,
				E29909532F7AACE2009B13E8 /* TransferSyncFinderSync */,
				E2990C632F7CC498009B13E8 /* TransferSyncCompanionTests */,
				E29906072F7983E4009B13E8 /* Products */,
			);
			sourceTree = "<group>";
		};
		E29906072F7983E4009B13E8 /* Products */ = {
			isa = PBXGroup;
			children = (
				E29906062F7983E4009B13E8 /* TransferSyncCompanion.app */,
				E29909522F7AACE2009B13E8 /* TransferSyncFinderSync.appex */,
				E2990C622F7CC498009B13E8 /* TransferSyncCompanionTests.xctest */,
			);
			name = Products;
			sourceTree = "<group>";
		};
		E29909602F7AAD81009B13E8 /* Shared */ = {
			isa = PBXGroup;
			children = (
				E29909642F7AAE83009B13E8 /* SyncStatusStore.swift */,
				E29909672F7AAEC2009B13E8 /* SyncConstants.swift */,
			);
			path = Shared;
			sourceTree = "<group>";
		};
		FE00000000000000000000C0 /* Configs */ = {
			isa = PBXGroup;
			children = (
				FE00000000000000000000C1 /* Debug.xcconfig */,
				FE00000000000000000000C2 /* Staging.xcconfig */,
				FE00000000000000000000C3 /* Release.xcconfig */,
				FE00000000000000000000D1 /* Debug.example.xcconfig */,
				FE00000000000000000000D2 /* Staging.example.xcconfig */,
				FE00000000000000000000D3 /* Release.example.xcconfig */,
			);
			path = Configs;
			sourceTree = "<group>";
		};
/* End PBXGroup section */

/* Begin PBXNativeTarget section */
		E29906052F7983E4009B13E8 /* TransferSyncCompanion */ = {
			isa = PBXNativeTarget;
			buildConfigurationList = E29906112F7983E5009B13E8 /* Build configuration list for PBXNativeTarget "TransferSyncCompanion" */;
			buildPhases = (
				E29906022F7983E4009B13E8 /* Sources */,
				E29906032F7983E4009B13E8 /* Frameworks */,
				E29906042F7983E4009B13E8 /* Resources */,
				E299095E2F7AACE2009B13E8 /* Embed Foundation Extensions */,
			);
			buildRules = (
			);
			dependencies = (
				E29909582F7AACE2009B13E8 /* PBXTargetDependency */,
			);
			fileSystemSynchronizedGroups = (
				E29906082F7983E4009B13E8 /* TransferSyncCompanion */,
			);
			name = TransferSyncCompanion;
			packageProductDependencies = (
				E299061F2F7983E5009B13E8 /* Supabase */,
			);
			productName = TransferSyncCompanion;
			productReference = E29906062F7983E4009B13E8 /* TransferSyncCompanion.app */;
			productType = "com.apple.product-type.application";
		};
		E29909512F7AACE2009B13E8 /* TransferSyncFinderSync */ = {
			isa = PBXNativeTarget;
			buildConfigurationList = E299095A2F7AACE2009B13E8 /* Build configuration list for PBXNativeTarget "TransferSyncFinderSync" */;
			buildPhases = (
				E299094E2F7AACE2009B13E8 /* Sources */,
				E299094F2F7AACE2009B13E8 /* Frameworks */,
				E29909502F7AACE2009B13E8 /* Resources */,
			);
			buildRules = (
			);
			dependencies = (
			);
			fileSystemSynchronizedGroups = (
				E29909532F7AACE2009B13E8 /* TransferSyncFinderSync */,
			);
			name = TransferSyncFinderSync;
			packageProductDependencies = (
			);
			productName = TransferSyncFinderSync;
			productReference = E29909522F7AACE2009B13E8 /* TransferSyncFinderSync.appex */;
			productType = "com.apple.product-type.app-extension";
		};
		E2990C612F7CC498009B13E8 /* TransferSyncCompanionTests */ = {
			isa = PBXNativeTarget;
			buildConfigurationList = E2990C682F7CC498009B13E8 /* Build configuration list for PBXNativeTarget "TransferSyncCompanionTests" */;
			buildPhases = (
				E2990C5E2F7CC498009B13E8 /* Sources */,
				E2990C5F2F7CC498009B13E8 /* Frameworks */,
				E2990C602F7CC498009B13E8 /* Resources */,
			);
			buildRules = (
			);
			dependencies = (
				E2990C672F7CC498009B13E8 /* PBXTargetDependency */,
			);
			fileSystemSynchronizedGroups = (
				E2990C632F7CC498009B13E8 /* TransferSyncCompanionTests */,
			);
			name = TransferSyncCompanionTests;
			packageProductDependencies = (
			);
			productName = TransferSyncCompanionTests;
			productReference = E2990C622F7CC498009B13E8 /* TransferSyncCompanionTests.xctest */;
			productType = "com.apple.product-type.bundle.unit-test";
		};
/* End PBXNativeTarget section */

/* Begin PBXProject section */
		E29905FE2F7983E4009B13E8 /* Project object */ = {
			isa = PBXProject;
			attributes = {
				BuildIndependentTargetsInParallel = 1;
				LastSwiftUpdateCheck = 2630;
				LastUpgradeCheck = 2630;
				TargetAttributes = {
					E29906052F7983E4009B13E8 = {
						CreatedOnToolsVersion = 26.3;
					};
					E29909512F7AACE2009B13E8 = {
						CreatedOnToolsVersion = 26.3;
					};
					E2990C612F7CC498009B13E8 = {
						CreatedOnToolsVersion = 26.3;
						TestTargetID = E29906052F7983E4009B13E8;
					};
				};
			};
			buildConfigurationList = E29906012F7983E4009B13E8 /* Build configuration list for PBXProject "TransferSyncCompanion" */;
			developmentRegion = en;
			hasScannedForEncodings = 0;
			knownRegions = (
				en,
				Base,
			);
			mainGroup = E29905FD2F7983E4009B13E8;
			minimizedProjectReferenceProxies = 1;
			packageReferences = (
				E299061E2F7983E5009B13E8 /* XCRemoteSwiftPackageReference "supabase-swift" */,
			);
			preferredProjectObjectVersion = 77;
			productRefGroup = E29906072F7983E4009B13E8 /* Products */;
			projectDirPath = "";
			projectRoot = "";
			targets = (
				E29906052F7983E4009B13E8 /* TransferSyncCompanion */,
				E29909512F7AACE2009B13E8 /* TransferSyncFinderSync */,
				E2990C612F7CC498009B13E8 /* TransferSyncCompanionTests */,
			);
		};
/* End PBXProject section */

/* Begin PBXResourcesBuildPhase section */
		E29906042F7983E4009B13E8 /* Resources */ = {
			isa = PBXResourcesBuildPhase;
			buildActionMask = 2147483647;
			files = (
			);
			runOnlyForDeploymentPostprocessing = 0;
		};
		E29909502F7AACE2009B13E8 /* Resources */ = {
			isa = PBXResourcesBuildPhase;
			buildActionMask = 2147483647;
			files = (
			);
			runOnlyForDeploymentPostprocessing = 0;
		};
		E2990C602F7CC498009B13E8 /* Resources */ = {
			isa = PBXResourcesBuildPhase;
			buildActionMask = 2147483647;
			files = (
			);
			runOnlyForDeploymentPostprocessing = 0;
		};
/* End PBXResourcesBuildPhase section */

/* Begin PBXSourcesBuildPhase section */
		E29906022F7983E4009B13E8 /* Sources */ = {
			isa = PBXSourcesBuildPhase;
			buildActionMask = 2147483647;
			files = (
				E29909652F7AAE83009B13E8 /* SyncStatusStore.swift in Sources */,
				E29909682F7AAEC2009B13E8 /* SyncConstants.swift in Sources */,
			);
			runOnlyForDeploymentPostprocessing = 0;
		};
		E299094E2F7AACE2009B13E8 /* Sources */ = {
			isa = PBXSourcesBuildPhase;
			buildActionMask = 2147483647;
			files = (
				E29909662F7AAE83009B13E8 /* SyncStatusStore.swift in Sources */,
				E29909692F7AAEC2009B13E8 /* SyncConstants.swift in Sources */,
			);
			runOnlyForDeploymentPostprocessing = 0;
		};
		E2990C5E2F7CC498009B13E8 /* Sources */ = {
			isa = PBXSourcesBuildPhase;
			buildActionMask = 2147483647;
			files = (
			);
			runOnlyForDeploymentPostprocessing = 0;
		};
/* End PBXSourcesBuildPhase section */

/* Begin PBXTargetDependency section */
		E29909582F7AACE2009B13E8 /* PBXTargetDependency */ = {
			isa = PBXTargetDependency;
			target = E29909512F7AACE2009B13E8 /* TransferSyncFinderSync */;
			targetProxy = E29909572F7AACE2009B13E8 /* PBXContainerItemProxy */;
		};
		E2990C672F7CC498009B13E8 /* PBXTargetDependency */ = {
			isa = PBXTargetDependency;
			target = E29906052F7983E4009B13E8 /* TransferSyncCompanion */;
			targetProxy = E2990C662F7CC498009B13E8 /* PBXContainerItemProxy */;
		};
/* End PBXTargetDependency section */

/* Begin XCBuildConfiguration section */
		E299060F2F7983E5009B13E8 /* Debug */ = {
			isa = XCBuildConfiguration;
			buildSettings = {
				ALWAYS_SEARCH_USER_PATHS = NO;
				ASSETCATALOG_COMPILER_GENERATE_SWIFT_ASSET_SYMBOL_EXTENSIONS = YES;
				CLANG_ANALYZER_NONNULL = YES;
				CLANG_ANALYZER_NUMBER_OBJECT_CONVERSION = YES_AGGRESSIVE;
				CLANG_CXX_LANGUAGE_STANDARD = "gnu++20";
				CLANG_ENABLE_MODULES = YES;
				CLANG_ENABLE_OBJC_ARC = YES;
				CLANG_ENABLE_OBJC_WEAK = YES;
				CLANG_WARN_BLOCK_CAPTURE_AUTORELEASING = YES;
				CLANG_WARN_BOOL_CONVERSION = YES;
				CLANG_WARN_COMMA = YES;
				CLANG_WARN_CONSTANT_CONVERSION = YES;
				CLANG_WARN_DEPRECATED_OBJC_IMPLEMENTATIONS = YES;
				CLANG_WARN_DIRECT_OBJC_ISA_USAGE = YES_ERROR;
				CLANG_WARN_DOCUMENTATION_COMMENTS = YES;
				CLANG_WARN_EMPTY_BODY = YES;
				CLANG_WARN_ENUM_CONVERSION = YES;
				CLANG_WARN_INFINITE_RECURSION = YES;
				CLANG_WARN_INT_CONVERSION = YES;
				CLANG_WARN_NON_LITERAL_NULL_CONVERSION = YES;
				CLANG_WARN_OBJC_IMPLICIT_RETAIN_SELF = YES;
				CLANG_WARN_OBJC_LITERAL_CONVERSION = YES;
				CLANG_WARN_OBJC_ROOT_CLASS = YES_ERROR;
				CLANG_WARN_QUOTED_INCLUDE_IN_FRAMEWORK_HEADER = YES;
				CLANG_WARN_RANGE_LOOP_ANALYSIS = YES;
				CLANG_WARN_STRICT_PROTOTYPES = YES;
				CLANG_WARN_SUSPICIOUS_MOVE = YES;
				CLANG_WARN_UNGUARDED_AVAILABILITY = YES_AGGRESSIVE;
				CLANG_WARN_UNREACHABLE_CODE = YES;
				CLANG_WARN__DUPLICATE_METHOD_MATCH = YES;
				COPY_PHASE_STRIP = NO;
				DEBUG_INFORMATION_FORMAT = dwarf;
				ENABLE_STRICT_OBJC_MSGSEND = YES;
				ENABLE_TESTABILITY = YES;
				ENABLE_USER_SCRIPT_SANDBOXING = YES;
				GCC_C_LANGUAGE_STANDARD = gnu17;
				GCC_DYNAMIC_NO_PIC = NO;
				GCC_NO_COMMON_BLOCKS = YES;
				GCC_OPTIMIZATION_LEVEL = 0;
				GCC_PREPROCESSOR_DEFINITIONS = (
					"DEBUG=1",
					"$(inherited)",
				);
				GCC_WARN_64_TO_32_BIT_CONVERSION = YES;
				GCC_WARN_ABOUT_RETURN_TYPE = YES_ERROR;
				GCC_WARN_UNDECLARED_SELECTOR = YES;
				GCC_WARN_UNINITIALIZED_AUTOS = YES_AGGRESSIVE;
				GCC_WARN_UNUSED_FUNCTION = YES;
				GCC_WARN_UNUSED_VARIABLE = YES;
				LOCALIZATION_PREFERS_STRING_CATALOGS = YES;
				MACOSX_DEPLOYMENT_TARGET = 14.0;
				MTL_ENABLE_DEBUG_INFO = INCLUDE_SOURCE;
				MTL_FAST_MATH = YES;
				ONLY_ACTIVE_ARCH = YES;
				SDKROOT = macosx;
				SWIFT_ACTIVE_COMPILATION_CONDITIONS = "DEBUG $(inherited)";
				SWIFT_OPTIMIZATION_LEVEL = "-Onone";
			};
			name = Debug;
		};
		E29906102F7983E5009B13E8 /* Release */ = {
			isa = XCBuildConfiguration;
			buildSettings = {
				ALWAYS_SEARCH_USER_PATHS = NO;
				ASSETCATALOG_COMPILER_GENERATE_SWIFT_ASSET_SYMBOL_EXTENSIONS = YES;
				CLANG_ANALYZER_NONNULL = YES;
				CLANG_ANALYZER_NUMBER_OBJECT_CONVERSION = YES_AGGRESSIVE;
				CLANG_CXX_LANGUAGE_STANDARD = "gnu++20";
				CLANG_ENABLE_MODULES = YES;
				CLANG_ENABLE_OBJC_ARC = YES;
				CLANG_ENABLE_OBJC_WEAK = YES;
				CLANG_WARN_BLOCK_CAPTURE_AUTORELEASING = YES;
				CLANG_WARN_BOOL_CONVERSION = YES;
				CLANG_WARN_COMMA = YES;
				CLANG_WARN_CONSTANT_CONVERSION = YES;
				CLANG_WARN_DEPRECATED_OBJC_IMPLEMENTATIONS = YES;
				CLANG_WARN_DIRECT_OBJC_ISA_USAGE = YES_ERROR;
				CLANG_WARN_DOCUMENTATION_COMMENTS = YES;
				CLANG_WARN_EMPTY_BODY = YES;
				CLANG_WARN_ENUM_CONVERSION = YES;
				CLANG_WARN_INFINITE_RECURSION = YES;
				CLANG_WARN_INT_CONVERSION = YES;
				CLANG_WARN_NON_LITERAL_NULL_CONVERSION = YES;
				CLANG_WARN_OBJC_IMPLICIT_RETAIN_SELF = YES;
				CLANG_WARN_OBJC_LITERAL_CONVERSION = YES;
				CLANG_WARN_OBJC_ROOT_CLASS = YES_ERROR;
				CLANG_WARN_QUOTED_INCLUDE_IN_FRAMEWORK_HEADER = YES;
				CLANG_WARN_RANGE_LOOP_ANALYSIS = YES;
				CLANG_WARN_STRICT_PROTOTYPES = YES;
				CLANG_WARN_SUSPICIOUS_MOVE = YES;
				CLANG_WARN_UNGUARDED_AVAILABILITY = YES_AGGRESSIVE;
				CLANG_WARN_UNREACHABLE_CODE = YES;
				CLANG_WARN__DUPLICATE_METHOD_MATCH = YES;
				COPY_PHASE_STRIP = NO;
				DEBUG_INFORMATION_FORMAT = "dwarf-with-dsym";
				ENABLE_NS_ASSERTIONS = NO;
				ENABLE_STRICT_OBJC_MSGSEND = YES;
				ENABLE_USER_SCRIPT_SANDBOXING = YES;
				GCC_C_LANGUAGE_STANDARD = gnu17;
				GCC_NO_COMMON_BLOCKS = YES;
				GCC_WARN_64_TO_32_BIT_CONVERSION = YES;
				GCC_WARN_ABOUT_RETURN_TYPE = YES_ERROR;
				GCC_WARN_UNDECLARED_SELECTOR = YES;
				GCC_WARN_UNINITIALIZED_AUTOS = YES_AGGRESSIVE;
				GCC_WARN_UNUSED_FUNCTION = YES;
				GCC_WARN_UNUSED_VARIABLE = YES;
				LOCALIZATION_PREFERS_STRING_CATALOGS = YES;
				MACOSX_DEPLOYMENT_TARGET = 14.0;
				MTL_ENABLE_DEBUG_INFO = NO;
				MTL_FAST_MATH = YES;
				SDKROOT = macosx;
				SWIFT_COMPILATION_MODE = wholemodule;
			};
			name = Release;
		};
		E29906122F7983E5009B13E8 /* Debug */ = {
			isa = XCBuildConfiguration;
			baseConfigurationReference = FE00000000000000000000C1 /* Debug.xcconfig */;
			buildSettings = {
				ASSETCATALOG_COMPILER_APPICON_NAME = AppIcon;
				ASSETCATALOG_COMPILER_GLOBAL_ACCENT_COLOR_NAME = AccentColor;
				CODE_SIGN_ENTITLEMENTS = TransferSyncCompanion/TransferSyncCompanion.entitlements;
				CODE_SIGN_STYLE = Automatic;
				COMBINE_HIDPI_IMAGES = YES;
				CURRENT_PROJECT_VERSION = 1;
				DEVELOPMENT_TEAM = 4WC5KX8F2S;
				ENABLE_APP_SANDBOX = YES;
				ENABLE_PREVIEWS = YES;
				ENABLE_USER_SELECTED_FILES = "read-write";
				GENERATE_INFOPLIST_FILE = YES;
				INFOPLIST_FILE = TransferSyncCompanion/Info.plist;
				INFOPLIST_KEY_LSUIElement = YES;
				INFOPLIST_KEY_NSHumanReadableCopyright = "";
				LD_RUNPATH_SEARCH_PATHS = (
					"$(inherited)",
					"@executable_path/../Frameworks",
				);
				MARKETING_VERSION = 1.0;
				PRODUCT_BUNDLE_IDENTIFIER = tomaddison.TransferSyncCompanion;
				PRODUCT_NAME = "$(TARGET_NAME)";
				REGISTER_APP_GROUPS = YES;
				STRING_CATALOG_GENERATE_SYMBOLS = YES;
				SWIFT_APPROACHABLE_CONCURRENCY = YES;
				SWIFT_DEFAULT_ACTOR_ISOLATION = MainActor;
				SWIFT_EMIT_LOC_STRINGS = YES;
				SWIFT_UPCOMING_FEATURE_MEMBER_IMPORT_VISIBILITY = YES;
				SWIFT_VERSION = 5.0;
			};
			name = Debug;
		};
		E29906132F7983E5009B13E8 /* Release */ = {
			isa = XCBuildConfiguration;
			baseConfigurationReference = FE00000000000000000000C3 /* Release.xcconfig */;
			buildSettings = {
				ASSETCATALOG_COMPILER_APPICON_NAME = AppIcon;
				ASSETCATALOG_COMPILER_GLOBAL_ACCENT_COLOR_NAME = AccentColor;
				CODE_SIGN_ENTITLEMENTS = TransferSyncCompanion/TransferSyncCompanion.entitlements;
				CODE_SIGN_STYLE = Automatic;
				COMBINE_HIDPI_IMAGES = YES;
				CURRENT_PROJECT_VERSION = 1;
				DEVELOPMENT_TEAM = 4WC5KX8F2S;
				ENABLE_APP_SANDBOX = YES;
				ENABLE_PREVIEWS = YES;
				ENABLE_USER_SELECTED_FILES = "read-write";
				GENERATE_INFOPLIST_FILE = YES;
				INFOPLIST_FILE = TransferSyncCompanion/Info.plist;
				INFOPLIST_KEY_LSUIElement = YES;
				INFOPLIST_KEY_NSHumanReadableCopyright = "";
				LD_RUNPATH_SEARCH_PATHS = (
					"$(inherited)",
					"@executable_path/../Frameworks",
				);
				MARKETING_VERSION = 1.0;
				PRODUCT_BUNDLE_IDENTIFIER = tomaddison.TransferSyncCompanion;
				PRODUCT_NAME = "$(TARGET_NAME)";
				REGISTER_APP_GROUPS = YES;
				STRING_CATALOG_GENERATE_SYMBOLS = YES;
				SWIFT_APPROACHABLE_CONCURRENCY = YES;
				SWIFT_DEFAULT_ACTOR_ISOLATION = MainActor;
				SWIFT_EMIT_LOC_STRINGS = YES;
				SWIFT_UPCOMING_FEATURE_MEMBER_IMPORT_VISIBILITY = YES;
				SWIFT_VERSION = 5.0;
			};
			name = Release;
		};
		E299095B2F7AACE2009B13E8 /* Debug */ = {
			isa = XCBuildConfiguration;
			buildSettings = {
				CODE_SIGN_ENTITLEMENTS = TransferSyncFinderSync/TransferSyncFinderSync.entitlements;
				CODE_SIGN_STYLE = Automatic;
				COMBINE_HIDPI_IMAGES = YES;
				CURRENT_PROJECT_VERSION = 1;
				DEVELOPMENT_TEAM = 4WC5KX8F2S;
				ENABLE_APP_SANDBOX = YES;
				ENABLE_HARDENED_RUNTIME = YES;
				ENABLE_USER_SELECTED_FILES = readonly;
				GENERATE_INFOPLIST_FILE = YES;
				INFOPLIST_FILE = TransferSyncFinderSync/Info.plist;
				INFOPLIST_KEY_CFBundleDisplayName = TransferSyncFinderSync;
				INFOPLIST_KEY_NSHumanReadableCopyright = "";
				LD_RUNPATH_SEARCH_PATHS = (
					"$(inherited)",
					"@executable_path/../Frameworks",
					"@executable_path/../../../../Frameworks",
				);
				MACOSX_DEPLOYMENT_TARGET = 26.2;
				MARKETING_VERSION = 1.0;
				PRODUCT_BUNDLE_IDENTIFIER = tomaddison.TransferSyncCompanion.FinderSync;
				PRODUCT_NAME = "$(TARGET_NAME)";
				REGISTER_APP_GROUPS = YES;
				SKIP_INSTALL = YES;
				STRING_CATALOG_GENERATE_SYMBOLS = YES;
				SWIFT_APPROACHABLE_CONCURRENCY = YES;
				SWIFT_EMIT_LOC_STRINGS = YES;
				SWIFT_UPCOMING_FEATURE_MEMBER_IMPORT_VISIBILITY = YES;
				SWIFT_VERSION = 5.0;
			};
			name = Debug;
		};
		E299095C2F7AACE2009B13E8 /* Release */ = {
			isa = XCBuildConfiguration;
			buildSettings = {
				CODE_SIGN_ENTITLEMENTS = TransferSyncFinderSync/TransferSyncFinderSync.entitlements;
				CODE_SIGN_STYLE = Automatic;
				COMBINE_HIDPI_IMAGES = YES;
				CURRENT_PROJECT_VERSION = 1;
				DEVELOPMENT_TEAM = 4WC5KX8F2S;
				ENABLE_APP_SANDBOX = YES;
				ENABLE_HARDENED_RUNTIME = YES;
				ENABLE_USER_SELECTED_FILES = readonly;
				GENERATE_INFOPLIST_FILE = YES;
				INFOPLIST_FILE = TransferSyncFinderSync/Info.plist;
				INFOPLIST_KEY_CFBundleDisplayName = TransferSyncFinderSync;
				INFOPLIST_KEY_NSHumanReadableCopyright = "";
				LD_RUNPATH_SEARCH_PATHS = (
					"$(inherited)",
					"@executable_path/../Frameworks",
					"@executable_path/../../../../Frameworks",
				);
				MACOSX_DEPLOYMENT_TARGET = 26.2;
				MARKETING_VERSION = 1.0;
				PRODUCT_BUNDLE_IDENTIFIER = tomaddison.TransferSyncCompanion.FinderSync;
				PRODUCT_NAME = "$(TARGET_NAME)";
				REGISTER_APP_GROUPS = YES;
				SKIP_INSTALL = YES;
				STRING_CATALOG_GENERATE_SYMBOLS = YES;
				SWIFT_APPROACHABLE_CONCURRENCY = YES;
				SWIFT_EMIT_LOC_STRINGS = YES;
				SWIFT_UPCOMING_FEATURE_MEMBER_IMPORT_VISIBILITY = YES;
				SWIFT_VERSION = 5.0;
			};
			name = Release;
		};
		E2990C692F7CC498009B13E8 /* Debug */ = {
			isa = XCBuildConfiguration;
			buildSettings = {
				BUNDLE_LOADER = "$(TEST_HOST)";
				CODE_SIGN_STYLE = Automatic;
				CURRENT_PROJECT_VERSION = 1;
				DEVELOPMENT_TEAM = 4WC5KX8F2S;
				GENERATE_INFOPLIST_FILE = YES;
				MACOSX_DEPLOYMENT_TARGET = 26.2;
				MARKETING_VERSION = 1.0;
				PRODUCT_BUNDLE_IDENTIFIER = tomaddison.TransferSyncCompanion.Tests;
				PRODUCT_NAME = "$(TARGET_NAME)";
				STRING_CATALOG_GENERATE_SYMBOLS = NO;
				SWIFT_APPROACHABLE_CONCURRENCY = YES;
				SWIFT_EMIT_LOC_STRINGS = NO;
				SWIFT_UPCOMING_FEATURE_MEMBER_IMPORT_VISIBILITY = YES;
				SWIFT_VERSION = 5.0;
				TEST_HOST = "$(BUILT_PRODUCTS_DIR)/TransferSyncCompanion.app/$(BUNDLE_EXECUTABLE_FOLDER_PATH)/TransferSyncCompanion";
			};
			name = Debug;
		};
		E2990C6A2F7CC498009B13E8 /* Release */ = {
			isa = XCBuildConfiguration;
			buildSettings = {
				BUNDLE_LOADER = "$(TEST_HOST)";
				CODE_SIGN_STYLE = Automatic;
				CURRENT_PROJECT_VERSION = 1;
				DEVELOPMENT_TEAM = 4WC5KX8F2S;
				GENERATE_INFOPLIST_FILE = YES;
				MACOSX_DEPLOYMENT_TARGET = 26.2;
				MARKETING_VERSION = 1.0;
				PRODUCT_BUNDLE_IDENTIFIER = tomaddison.TransferSyncCompanion.Tests;
				PRODUCT_NAME = "$(TARGET_NAME)";
				STRING_CATALOG_GENERATE_SYMBOLS = NO;
				SWIFT_APPROACHABLE_CONCURRENCY = YES;
				SWIFT_EMIT_LOC_STRINGS = NO;
				SWIFT_UPCOMING_FEATURE_MEMBER_IMPORT_VISIBILITY = YES;
				SWIFT_VERSION = 5.0;
				TEST_HOST = "$(BUILT_PRODUCTS_DIR)/TransferSyncCompanion.app/$(BUNDLE_EXECUTABLE_FOLDER_PATH)/TransferSyncCompanion";
			};
			name = Release;
		};
		FE0000000000000000000001 /* Staging */ = {
			isa = XCBuildConfiguration;
			buildSettings = {
				ALWAYS_SEARCH_USER_PATHS = NO;
				ASSETCATALOG_COMPILER_GENERATE_SWIFT_ASSET_SYMBOL_EXTENSIONS = YES;
				CLANG_ANALYZER_NONNULL = YES;
				CLANG_ANALYZER_NUMBER_OBJECT_CONVERSION = YES_AGGRESSIVE;
				CLANG_CXX_LANGUAGE_STANDARD = "gnu++20";
				CLANG_ENABLE_MODULES = YES;
				CLANG_ENABLE_OBJC_ARC = YES;
				CLANG_ENABLE_OBJC_WEAK = YES;
				CLANG_WARN_BLOCK_CAPTURE_AUTORELEASING = YES;
				CLANG_WARN_BOOL_CONVERSION = YES;
				CLANG_WARN_COMMA = YES;
				CLANG_WARN_CONSTANT_CONVERSION = YES;
				CLANG_WARN_DEPRECATED_OBJC_IMPLEMENTATIONS = YES;
				CLANG_WARN_DIRECT_OBJC_ISA_USAGE = YES_ERROR;
				CLANG_WARN_DOCUMENTATION_COMMENTS = YES;
				CLANG_WARN_EMPTY_BODY = YES;
				CLANG_WARN_ENUM_CONVERSION = YES;
				CLANG_WARN_INFINITE_RECURSION = YES;
				CLANG_WARN_INT_CONVERSION = YES;
				CLANG_WARN_NON_LITERAL_NULL_CONVERSION = YES;
				CLANG_WARN_OBJC_IMPLICIT_RETAIN_SELF = YES;
				CLANG_WARN_OBJC_LITERAL_CONVERSION = YES;
				CLANG_WARN_OBJC_ROOT_CLASS = YES_ERROR;
				CLANG_WARN_QUOTED_INCLUDE_IN_FRAMEWORK_HEADER = YES;
				CLANG_WARN_RANGE_LOOP_ANALYSIS = YES;
				CLANG_WARN_STRICT_PROTOTYPES = YES;
				CLANG_WARN_SUSPICIOUS_MOVE = YES;
				CLANG_WARN_UNGUARDED_AVAILABILITY = YES_AGGRESSIVE;
				CLANG_WARN_UNREACHABLE_CODE = YES;
				CLANG_WARN__DUPLICATE_METHOD_MATCH = YES;
				COPY_PHASE_STRIP = NO;
				DEBUG_INFORMATION_FORMAT = "dwarf-with-dsym";
				ENABLE_NS_ASSERTIONS = NO;
				ENABLE_STRICT_OBJC_MSGSEND = YES;
				ENABLE_USER_SCRIPT_SANDBOXING = YES;
				GCC_C_LANGUAGE_STANDARD = gnu17;
				GCC_NO_COMMON_BLOCKS = YES;
				GCC_WARN_64_TO_32_BIT_CONVERSION = YES;
				GCC_WARN_ABOUT_RETURN_TYPE = YES_ERROR;
				GCC_WARN_UNDECLARED_SELECTOR = YES;
				GCC_WARN_UNINITIALIZED_AUTOS = YES_AGGRESSIVE;
				GCC_WARN_UNUSED_FUNCTION = YES;
				GCC_WARN_UNUSED_VARIABLE = YES;
				LOCALIZATION_PREFERS_STRING_CATALOGS = YES;
				MACOSX_DEPLOYMENT_TARGET = 14.0;
				MTL_ENABLE_DEBUG_INFO = NO;
				MTL_FAST_MATH = YES;
				SDKROOT = macosx;
				SWIFT_COMPILATION_MODE = wholemodule;
			};
			name = Staging;
		};
		FE0000000000000000000002 /* Staging */ = {
			isa = XCBuildConfiguration;
			baseConfigurationReference = FE00000000000000000000C2 /* Staging.xcconfig */;
			buildSettings = {
				ASSETCATALOG_COMPILER_APPICON_NAME = AppIcon;
				ASSETCATALOG_COMPILER_GLOBAL_ACCENT_COLOR_NAME = AccentColor;
				CODE_SIGN_ENTITLEMENTS = TransferSyncCompanion/TransferSyncCompanion.entitlements;
				CODE_SIGN_STYLE = Automatic;
				COMBINE_HIDPI_IMAGES = YES;
				CURRENT_PROJECT_VERSION = 1;
				DEVELOPMENT_TEAM = 4WC5KX8F2S;
				ENABLE_APP_SANDBOX = YES;
				ENABLE_PREVIEWS = YES;
				ENABLE_USER_SELECTED_FILES = "read-write";
				GENERATE_INFOPLIST_FILE = YES;
				INFOPLIST_FILE = TransferSyncCompanion/Info.plist;
				INFOPLIST_KEY_LSUIElement = YES;
				INFOPLIST_KEY_NSHumanReadableCopyright = "";
				LD_RUNPATH_SEARCH_PATHS = (
					"$(inherited)",
					"@executable_path/../Frameworks",
				);
				MARKETING_VERSION = 1.0;
				PRODUCT_BUNDLE_IDENTIFIER = tomaddison.TransferSyncCompanion;
				PRODUCT_NAME = "$(TARGET_NAME)";
				REGISTER_APP_GROUPS = YES;
				STRING_CATALOG_GENERATE_SYMBOLS = YES;
				SWIFT_APPROACHABLE_CONCURRENCY = YES;
				SWIFT_DEFAULT_ACTOR_ISOLATION = MainActor;
				SWIFT_EMIT_LOC_STRINGS = YES;
				SWIFT_UPCOMING_FEATURE_MEMBER_IMPORT_VISIBILITY = YES;
				SWIFT_VERSION = 5.0;
			};
			name = Staging;
		};
		FE0000000000000000000003 /* Staging */ = {
			isa = XCBuildConfiguration;
			buildSettings = {
				CODE_SIGN_ENTITLEMENTS = TransferSyncFinderSync/TransferSyncFinderSync.entitlements;
				CODE_SIGN_STYLE = Automatic;
				COMBINE_HIDPI_IMAGES = YES;
				CURRENT_PROJECT_VERSION = 1;
				DEVELOPMENT_TEAM = 4WC5KX8F2S;
				ENABLE_APP_SANDBOX = YES;
				ENABLE_HARDENED_RUNTIME = YES;
				ENABLE_USER_SELECTED_FILES = readonly;
				GENERATE_INFOPLIST_FILE = YES;
				INFOPLIST_FILE = TransferSyncFinderSync/Info.plist;
				INFOPLIST_KEY_CFBundleDisplayName = TransferSyncFinderSync;
				INFOPLIST_KEY_NSHumanReadableCopyright = "";
				LD_RUNPATH_SEARCH_PATHS = (
					"$(inherited)",
					"@executable_path/../Frameworks",
					"@executable_path/../../../../Frameworks",
				);
				MACOSX_DEPLOYMENT_TARGET = 26.2;
				MARKETING_VERSION = 1.0;
				PRODUCT_BUNDLE_IDENTIFIER = tomaddison.TransferSyncCompanion.FinderSync;
				PRODUCT_NAME = "$(TARGET_NAME)";
				REGISTER_APP_GROUPS = YES;
				SKIP_INSTALL = YES;
				STRING_CATALOG_GENERATE_SYMBOLS = YES;
				SWIFT_APPROACHABLE_CONCURRENCY = YES;
				SWIFT_EMIT_LOC_STRINGS = YES;
				SWIFT_UPCOMING_FEATURE_MEMBER_IMPORT_VISIBILITY = YES;
				SWIFT_VERSION = 5.0;
			};
			name = Staging;
		};
		FE0000000000000000000004 /* Staging */ = {
			isa = XCBuildConfiguration;
			buildSettings = {
				BUNDLE_LOADER = "$(TEST_HOST)";
				CODE_SIGN_STYLE = Automatic;
				CURRENT_PROJECT_VERSION = 1;
				DEVELOPMENT_TEAM = 4WC5KX8F2S;
				GENERATE_INFOPLIST_FILE = YES;
				MACOSX_DEPLOYMENT_TARGET = 26.2;
				MARKETING_VERSION = 1.0;
				PRODUCT_BUNDLE_IDENTIFIER = tomaddison.TransferSyncCompanion.Tests;
				PRODUCT_NAME = "$(TARGET_NAME)";
				STRING_CATALOG_GENERATE_SYMBOLS = NO;
				SWIFT_APPROACHABLE_CONCURRENCY = YES;
				SWIFT_EMIT_LOC_STRINGS = NO;
				SWIFT_UPCOMING_FEATURE_MEMBER_IMPORT_VISIBILITY = YES;
				SWIFT_VERSION = 5.0;
				TEST_HOST = "$(BUILT_PRODUCTS_DIR)/TransferSyncCompanion.app/$(BUNDLE_EXECUTABLE_FOLDER_PATH)/TransferSyncCompanion";
			};
			name = Staging;
		};
/* End XCBuildConfiguration section */

/* Begin XCConfigurationList section */
		E29906012F7983E4009B13E8 /* Build configuration list for PBXProject "TransferSyncCompanion" */ = {
			isa = XCConfigurationList;
			buildConfigurations = (
				E299060F2F7983E5009B13E8 /* Debug */,
				FE0000000000000000000001 /* Staging */,
				E29906102F7983E5009B13E8 /* Release */,
			);
			defaultConfigurationIsVisible = 0;
			defaultConfigurationName = Release;
		};
		E29906112F7983E5009B13E8 /* Build configuration list for PBXNativeTarget "TransferSyncCompanion" */ = {
			isa = XCConfigurationList;
			buildConfigurations = (
				E29906122F7983E5009B13E8 /* Debug */,
				FE0000000000000000000002 /* Staging */,
				E29906132F7983E5009B13E8 /* Release */,
			);
			defaultConfigurationIsVisible = 0;
			defaultConfigurationName = Release;
		};
		E299095A2F7AACE2009B13E8 /* Build configuration list for PBXNativeTarget "TransferSyncFinderSync" */ = {
			isa = XCConfigurationList;
			buildConfigurations = (
				E299095B2F7AACE2009B13E8 /* Debug */,
				FE0000000000000000000003 /* Staging */,
				E299095C2F7AACE2009B13E8 /* Release */,
			);
			defaultConfigurationIsVisible = 0;
			defaultConfigurationName = Release;
		};
		E2990C682F7CC498009B13E8 /* Build configuration list for PBXNativeTarget "TransferSyncCompanionTests" */ = {
			isa = XCConfigurationList;
			buildConfigurations = (
				E2990C692F7CC498009B13E8 /* Debug */,
				FE0000000000000000000004 /* Staging */,
				E2990C6A2F7CC498009B13E8 /* Release */,
			);
			defaultConfigurationIsVisible = 0;
			defaultConfigurationName = Release;
		};
/* End XCConfigurationList section */

/* Begin XCRemoteSwiftPackageReference section */
		E299061E2F7983E5009B13E8 /* XCRemoteSwiftPackageReference "supabase-swift" */ = {
			isa = XCRemoteSwiftPackageReference;
			repositoryURL = "https://github.com/supabase/supabase-swift.git";
			requirement = {
				kind = upToNextMajorVersion;
				minimumVersion = 2.0.0;
			};
		};
/* End XCRemoteSwiftPackageReference section */

/* Begin XCSwiftPackageProductDependency section */
		E299061F2F7983E5009B13E8 /* Supabase */ = {
			isa = XCSwiftPackageProductDependency;
			package = E299061E2F7983E5009B13E8 /* XCRemoteSwiftPackageReference "supabase-swift" */;
			productName = Supabase;
		};
/* End XCSwiftPackageProductDependency section */
	};
	rootObject = E29905FE2F7983E4009B13E8 /* Project object */;
}
